{
  "name": "Scribly",
  "lockfileVersion": 3,
  "requires": true,
  "packages": {
    "": {
      "dependencies": {
        "@tanstack/react-query": "^5.66.9"
      }
    },
    "node_modules/@tanstack/query-core": {
      "version": "5.66.4",
      "resolved": "https://registry.npmjs.org/@tanstack/query-core/-/query-core-5.66.4.tgz",
      "integrity": "sha512-skM/gzNX4shPkqmdTCSoHtJAPMTtmIJNS0hE+xwTTUVYwezArCT34NMermABmBVUg5Ls5aiUXEDXfqwR1oVkcA==",
      "funding": {
        "type": "github",
        "url": "https://github.com/sponsors/tannerlinsley"
      }
    },
    "node_modules/@tanstack/react-query": {
      "version": "5.66.9",
      "resolved": "https://registry.npmjs.org/@tanstack/react-query/-/react-query-5.66.9.tgz",
      "integrity": "sha512-NRI02PHJsP5y2gAuWKP+awamTIBFBSKMnO6UVzi03GTclmHHHInH5UzVgzi5tpu4+FmGfsdT7Umqegobtsp23A==",
      "dependencies": {
        "@tanstack/query-core": "5.66.4"
      },
      "funding": {
        "type": "github",
        "url": "https://github.com/sponsors/tannerlinsley"
      },
      "peerDependencies": {
        "react": "^18 || ^19"
      }
    }
  }
}
